
Microsoft Visual Studio Solution File, Format Version 10.00
# Visual Studio 2008
Project("{F184B08F-C81C-45F6-A57F-5ABD9991F28F}") = "SQL_Dynamic", "SQL_Dynamic\SQL_Dynamic.vbproj", "{F06B9FCA-BECD-492C-8307-5881F7690648}"
EndProject
Global
	GlobalSection(SolutionConfigurationPlatforms) = preSolution
		Debug|Any CPU = Debug|Any CPU
		Release|Any CPU = Release|Any CPU
	EndGlobalSection
	GlobalSection(ProjectConfigurationPlatforms) = postSolution
		{F06B9FCA-BECD-492C-8307-5881F7690648}.Debug|Any CPU.ActiveCfg = Debug|Any CPU
		{F06B9FCA-BECD-492C-8307-5881F7690648}.Debug|Any CPU.Build.0 = Debug|Any CPU
		{F06B9FCA-BECD-492C-8307-5881F7690648}.Release|Any CPU.ActiveCfg = Release|Any CPU
		{F06B9FCA-BECD-492C-8307-5881F7690648}.Release|Any CPU.Build.0 = Release|Any CPU
	EndGlobalSection
	GlobalSection(SolutionProperties) = preSolution
		HideSolutionNode = FALSE
	EndGlobalSection
EndGlobal
